// !$*UTF8*$!
{
	archiveVersion = 1;
	classes = {
	};
	objectVersion = 52;
	objects = {

/* Begin PBXBuildFile section */
		CC25343226FF14B70022FAB8 /* Swift_Combine_MVVMApp.swift in Sources */ = {isa = PBXBuildFile; fileRef = CC25341F26FF14B60022FAB8 /* Swift_Combine_MVVMApp.swift */; };
		CC25343326FF14B70022FAB8 /* Swift_Combine_MVVMApp.swift in Sources */ = {isa = PBXBuildFile; fileRef = CC25341F26FF14B60022FAB8 /* Swift_Combine_MVVMApp.swift */; };
		CC25343626FF14B70022FAB8 /* Assets.xcassets in Resources */ = {isa = PBXBuildFile; fileRef = CC25342126FF14B70022FAB8 /* Assets.xcassets */; };
		CC25343726FF14B70022FAB8 /* Assets.xcassets in Resources */ = {isa = PBXBuildFile; fileRef = CC25342126FF14B70022FAB8 /* Assets.xcassets */; };
		CC25344D26FF18370022FAB8 /* KeychainSwift in Frameworks */ = {isa = PBXBuildFile; productRef = CC25344C26FF18370022FAB8 /* KeychainSwift */; };
		CC25345526FF18FD0022FAB8 /* Localizable.strings in Resources */ = {isa = PBXBuildFile; fileRef = CC25345826FF18FD0022FAB8 /* Localizable.strings */; };
		CC25345626FF18FD0022FAB8 /* Localizable.strings in Resources */ = {isa = PBXBuildFile; fileRef = CC25345826FF18FD0022FAB8 /* Localizable.strings */; };
		CC25345E26FF22CE0022FAB8 /* RootViewModel.swift in Sources */ = {isa = PBXBuildFile; fileRef = CC25345D26FF22CE0022FAB8 /* RootViewModel.swift */; };
		CC25345F26FF22CE0022FAB8 /* RootViewModel.swift in Sources */ = {isa = PBXBuildFile; fileRef = CC25345D26FF22CE0022FAB8 /* RootViewModel.swift */; };
		CC25346326FF23140022FAB8 /* StatusModel.swift in Sources */ = {isa = PBXBuildFile; fileRef = CC25346226FF23140022FAB8 /* StatusModel.swift */; };
		CC25346426FF23140022FAB8 /* StatusModel.swift in Sources */ = {isa = PBXBuildFile; fileRef = CC25346226FF23140022FAB8 /* StatusModel.swift */; };
		CC25346826FF238E0022FAB8 /* BaseNetwork.swift in Sources */ = {isa = PBXBuildFile; fileRef = CC25346726FF238E0022FAB8 /* BaseNetwork.swift */; };
		CC25346926FF238E0022FAB8 /* BaseNetwork.swift in Sources */ = {isa = PBXBuildFile; fileRef = CC25346726FF238E0022FAB8 /* BaseNetwork.swift */; };
		CC25346E26FF26CD0022FAB8 /* HeroesModel.swift in Sources */ = {isa = PBXBuildFile; fileRef = CC25346D26FF26CD0022FAB8 /* HeroesModel.swift */; };
		CC25346F26FF26CD0022FAB8 /* HeroesModel.swift in Sources */ = {isa = PBXBuildFile; fileRef = CC25346D26FF26CD0022FAB8 /* HeroesModel.swift */; };
		CC25347426FF2E180022FAB8 /* RootView.swift in Sources */ = {isa = PBXBuildFile; fileRef = CC25347326FF2E180022FAB8 /* RootView.swift */; };
		CC25347526FF2E180022FAB8 /* RootView.swift in Sources */ = {isa = PBXBuildFile; fileRef = CC25347326FF2E180022FAB8 /* RootView.swift */; };
/* End PBXBuildFile section */

/* Begin PBXFileReference section */
		CC25341F26FF14B60022FAB8 /* Swift_Combine_MVVMApp.swift */ = {isa = PBXFileReference; lastKnownFileType = sourcecode.swift; path = Swift_Combine_MVVMApp.swift; sourceTree = "<group>"; };
		CC25342126FF14B70022FAB8 /* Assets.xcassets */ = {isa = PBXFileReference; lastKnownFileType = folder.assetcatalog; path = Assets.xcassets; sourceTree = "<group>"; };
		CC25342626FF14B70022FAB8 /* Swift-Combine-MVVM.app */ = {isa = PBXFileReference; explicitFileType = wrapper.application; includeInIndex = 0; path = "Swift-Combine-MVVM.app"; sourceTree = BUILT_PRODUCTS_DIR; };
		CC25342926FF14B70022FAB8 /* Info.plist */ = {isa = PBXFileReference; lastKnownFileType = text.plist.xml; path = Info.plist; sourceTree = "<group>"; };
		CC25342E26FF14B70022FAB8 /* Swift-Combine-MVVM.app */ = {isa = PBXFileReference; explicitFileType = wrapper.application; includeInIndex = 0; path = "Swift-Combine-MVVM.app"; sourceTree = BUILT_PRODUCTS_DIR; };
		CC25343026FF14B70022FAB8 /* Info.plist */ = {isa = PBXFileReference; lastKnownFileType = text.plist.xml; path = Info.plist; sourceTree = "<group>"; };
		CC25343126FF14B70022FAB8 /* macOS.entitlements */ = {isa = PBXFileReference; lastKnownFileType = text.plist.entitlements; path = macOS.entitlements; sourceTree = "<group>"; };
		CC25345726FF18FD0022FAB8 /* en */ = {isa = PBXFileReference; lastKnownFileType = text.plist.strings; name = en; path = en.lproj/Localizable.strings; sourceTree = "<group>"; };
		CC25345B26FF19020022FAB8 /* es */ = {isa = PBXFileReference; lastKnownFileType = text.plist.strings; name = es; path = es.lproj/Localizable.strings; sourceTree = "<group>"; };
		CC25345D26FF22CE0022FAB8 /* RootViewModel.swift */ = {isa = PBXFileReference; lastKnownFileType = sourcecode.swift; path = RootViewModel.swift; sourceTree = "<group>"; };
		CC25346226FF23140022FAB8 /* StatusModel.swift */ = {isa = PBXFileReference; lastKnownFileType = sourcecode.swift; path = StatusModel.swift; sourceTree = "<group>"; };
		CC25346726FF238E0022FAB8 /* BaseNetwork.swift */ = {isa = PBXFileReference; lastKnownFileType = sourcecode.swift; path = BaseNetwork.swift; sourceTree = "<group>"; };
		CC25346D26FF26CD0022FAB8 /* HeroesModel.swift */ = {isa = PBXFileReference; lastKnownFileType = sourcecode.swift; path = HeroesModel.swift; sourceTree = "<group>"; };
		CC25347326FF2E180022FAB8 /* RootView.swift */ = {isa = PBXFileReference; lastKnownFileType = sourcecode.swift; path = RootView.swift; sourceTree = "<group>"; };
/* End PBXFileReference section */

/* Begin PBXFrameworksBuildPhase section */
		CC25342326FF14B70022FAB8 /* Frameworks */ = {
			isa = PBXFrameworksBuildPhase;
			buildActionMask = 2147483647;
			files = (
				CC25344D26FF18370022FAB8 /* KeychainSwift in Frameworks */,
			);
			runOnlyForDeploymentPostprocessing = 0;
		};
		CC25342B26FF14B70022FAB8 /* Frameworks */ = {
			isa = PBXFrameworksBuildPhase;
			buildActionMask = 2147483647;
			files = (
			);
			runOnlyForDeploymentPostprocessing = 0;
		};
/* End PBXFrameworksBuildPhase section */

/* Begin PBXGroup section */
		CC25341926FF14B60022FAB8 = {
			isa = PBXGroup;
			children = (
				CC25341E26FF14B60022FAB8 /* Shared */,
				CC25342826FF14B70022FAB8 /* iOS */,
				CC25342F26FF14B70022FAB8 /* macOS */,
				CC25342726FF14B70022FAB8 /* Products */,
			);
			sourceTree = "<group>";
		};
		CC25341E26FF14B60022FAB8 /* Shared */ = {
			isa = PBXGroup;
			children = (
				CC25344826FF15030022FAB8 /* Tools */,
				CC25344726FF14FD0022FAB8 /* Services */,
				CC25344626FF14F80022FAB8 /* Views */,
				CC25344526FF14F00022FAB8 /* ViewModels */,
				CC25344426FF14EB0022FAB8 /* Models */,
				CC25341F26FF14B60022FAB8 /* Swift_Combine_MVVMApp.swift */,
				CC25342126FF14B70022FAB8 /* Assets.xcassets */,
				CC25345826FF18FD0022FAB8 /* Localizable.strings */,
			);
			path = Shared;
			sourceTree = "<group>";
		};
		CC25342726FF14B70022FAB8 /* Products */ = {
			isa = PBXGroup;
			children = (
				CC25342626FF14B70022FAB8 /* Swift-Combine-MVVM.app */,
				CC25342E26FF14B70022FAB8 /* Swift-Combine-MVVM.app */,
			);
			name = Products;
			sourceTree = "<group>";
		};
		CC25342826FF14B70022FAB8 /* iOS */ = {
			isa = PBXGroup;
			children = (
				CC25342926FF14B70022FAB8 /* Info.plist */,
			);
			path = iOS;
			sourceTree = "<group>";
		};
		CC25342F26FF14B70022FAB8 /* macOS */ = {
			isa = PBXGroup;
			children = (
				CC25343026FF14B70022FAB8 /* Info.plist */,
				CC25343126FF14B70022FAB8 /* macOS.entitlements */,
			);
			path = macOS;
			sourceTree = "<group>";
		};
		CC25344426FF14EB0022FAB8 /* Models */ = {
			isa = PBXGroup;
			children = (
				CC25346226FF23140022FAB8 /* StatusModel.swift */,
				CC25346D26FF26CD0022FAB8 /* HeroesModel.swift */,
			);
			path = Models;
			sourceTree = "<group>";
		};
		CC25344526FF14F00022FAB8 /* ViewModels */ = {
			isa = PBXGroup;
			children = (
				CC25347226FF2E030022FAB8 /* Main */,
			);
			path = ViewModels;
			sourceTree = "<group>";
		};
		CC25344626FF14F80022FAB8 /* Views */ = {
			isa = PBXGroup;
			children = (
				CC25345C26FF22BF0022FAB8 /* Main */,
			);
			path = Views;
			sourceTree = "<group>";
		};
		CC25344726FF14FD0022FAB8 /* Services */ = {
			isa = PBXGroup;
			children = (
				CC25346726FF238E0022FAB8 /* BaseNetwork.swift */,
			);
			path = Services;
			sourceTree = "<group>";
		};
		CC25344826FF15030022FAB8 /* Tools */ = {
			isa = PBXGroup;
			children = (
			);
			path = Tools;
			sourceTree = "<group>";
		};
		CC25345C26FF22BF0022FAB8 /* Main */ = {
			isa = PBXGroup;
			children = (
				CC25347326FF2E180022FAB8 /* RootView.swift */,
			);
			path = Main;
			sourceTree = "<group>";
		};
		CC25347226FF2E030022FAB8 /* Main */ = {
			isa = PBXGroup;
			children = (
				CC25345D26FF22CE0022FAB8 /* RootViewModel.swift */,
			);
			path = Main;
			sourceTree = "<group>";
		};
/* End PBXGroup section */

/* Begin PBXNativeTarget section */
		CC25342526FF14B70022FAB8 /* Swift-Combine-MVVM (iOS) */ = {
			isa = PBXNativeTarget;
			buildConfigurationList = CC25343A26FF14B70022FAB8 /* Build configuration list for PBXNativeTarget "Swift-Combine-MVVM (iOS)" */;
			buildPhases = (
				CC25342226FF14B70022FAB8 /* Sources */,
				CC25342326FF14B70022FAB8 /* Frameworks */,
				CC25342426FF14B70022FAB8 /* Resources */,
			);
			buildRules = (
			);
			dependencies = (
			);
			name = "Swift-Combine-MVVM (iOS)";
			packageProductDependencies = (
				CC25344C26FF18370022FAB8 /* KeychainSwift */,
			);
			productName = "Swift-Combine-MVVM (iOS)";
			productReference = CC25342626FF14B70022FAB8 /* Swift-Combine-MVVM.app */;
			productType = "com.apple.product-type.application";
		};
		CC25342D26FF14B70022FAB8 /* Swift-Combine-MVVM (macOS) */ = {
			isa = PBXNativeTarget;
			buildConfigurationList = CC25343D26FF14B70022FAB8 /* Build configuration list for PBXNativeTarget "Swift-Combine-MVVM (macOS)" */;
			buildPhases = (
				CC25342A26FF14B70022FAB8 /* Sources */,
				CC25342B26FF14B70022FAB8 /* Frameworks */,
				CC25342C26FF14B70022FAB8 /* Resources */,
			);
			buildRules = (
			);
			dependencies = (
			);
			name = "Swift-Combine-MVVM (macOS)";
			productName = "Swift-Combine-MVVM (macOS)";
			productReference = CC25342E26FF14B70022FAB8 /* Swift-Combine-MVVM.app */;
			productType = "com.apple.product-type.application";
		};
/* End PBXNativeTarget section */

/* Begin PBXProject section */
		CC25341A26FF14B60022FAB8 /* Project object */ = {
			isa = PBXProject;
			attributes = {
				LastSwiftUpdateCheck = 1240;
				LastUpgradeCheck = 1240;
				TargetAttributes = {
					CC25342526FF14B70022FAB8 = {
						CreatedOnToolsVersion = 12.4;
					};
					CC25342D26FF14B70022FAB8 = {
						CreatedOnToolsVersion = 12.4;
					};
				};
			};
			buildConfigurationList = CC25341D26FF14B60022FAB8 /* Build configuration list for PBXProject "Swift-Combine-MVVM" */;
			compatibilityVersion = "Xcode 9.3";
			developmentRegion = en;
			hasScannedForEncodings = 0;
			knownRegions = (
				en,
				Base,
				es,
			);
			mainGroup = CC25341926FF14B60022FAB8;
			packageReferences = (
				CC25344B26FF18370022FAB8 /* XCRemoteSwiftPackageReference "keychain-swift" */,
			);
			productRefGroup = CC25342726FF14B70022FAB8 /* Products */;
			projectDirPath = "";
			projectRoot = "";
			targets = (
				CC25342526FF14B70022FAB8 /* Swift-Combine-MVVM (iOS) */,
				CC25342D26FF14B70022FAB8 /* Swift-Combine-MVVM (macOS) */,
			);
		};
/* End PBXProject section */

/* Begin PBXResourcesBuildPhase section */
		CC25342426FF14B70022FAB8 /* Resources */ = {
			isa = PBXResourcesBuildPhase;
			buildActionMask = 2147483647;
			files = (
				CC25343626FF14B70022FAB8 /* Assets.xcassets in Resources */,
				CC25345526FF18FD0022FAB8 /* Localizable.strings in Resources */,
			);
			runOnlyForDeploymentPostprocessing = 0;
		};
		CC25342C26FF14B70022FAB8 /* Resources */ = {
			isa = PBXResourcesBuildPhase;
			buildActionMask = 2147483647;
			files = (
				CC25343726FF14B70022FAB8 /* Assets.xcassets in Resources */,
				CC25345626FF18FD0022FAB8 /* Localizable.strings in Resources */,
			);
			runOnlyForDeploymentPostprocessing = 0;
		};
/* End PBXResourcesBuildPhase section */

/* Begin PBXSourcesBuildPhase section */
		CC25342226FF14B70022FAB8 /* Sources */ = {
			isa = PBXSourcesBuildPhase;
			buildActionMask = 2147483647;
			files = (
				CC25346326FF23140022FAB8 /* StatusModel.swift in Sources */,
				CC25346E26FF26CD0022FAB8 /* HeroesModel.swift in Sources */,
				CC25347426FF2E180022FAB8 /* RootView.swift in Sources */,
				CC25346826FF238E0022FAB8 /* BaseNetwork.swift in Sources */,
				CC25345E26FF22CE0022FAB8 /* RootViewModel.swift in Sources */,
				CC25343226FF14B70022FAB8 /* Swift_Combine_MVVMApp.swift in Sources */,
			);
			runOnlyForDeploymentPostprocessing = 0;
		};
		CC25342A26FF14B70022FAB8 /* Sources */ = {
			isa = PBXSourcesBuildPhase;
			buildActionMask = 2147483647;
			files = (
				CC25346426FF23140022FAB8 /* StatusModel.swift in Sources */,
				CC25346F26FF26CD0022FAB8 /* HeroesModel.swift in Sources */,
				CC25347526FF2E180022FAB8 /* RootView.swift in Sources */,
				CC25346926FF238E0022FAB8 /* BaseNetwork.swift in Sources */,
				CC25345F26FF22CE0022FAB8 /* RootViewModel.swift in Sources */,
				CC25343326FF14B70022FAB8 /* Swift_Combine_MVVMApp.swift in Sources */,
			);
			runOnlyForDeploymentPostprocessing = 0;
		};
/* End PBXSourcesBuildPhase section */

/* Begin PBXVariantGroup section */
		CC25345826FF18FD0022FAB8 /* Localizable.strings */ = {
			isa = PBXVariantGroup;
			children = (
				CC25345726FF18FD0022FAB8 /* en */,
				CC25345B26FF19020022FAB8 /* es */,
			);
			name = Localizable.strings;
			sourceTree = "<group>";
		};
/* End PBXVariantGroup section */

/* Begin XCBuildConfiguration section */
		CC25343826FF14B70022FAB8 /* Debug */ = {
			isa = XCBuildConfiguration;
			buildSettings = {
				ALWAYS_SEARCH_USER_PATHS = NO;
				CLANG_ANALYZER_NONNULL = YES;
				CLANG_ANALYZER_NUMBER_OBJECT_CONVERSION = YES_AGGRESSIVE;
				CLANG_CXX_LANGUAGE_STANDARD = "gnu++14";
				CLANG_CXX_LIBRARY = "libc++";
				CLANG_ENABLE_MODULES = YES;
				CLANG_ENABLE_OBJC_ARC = YES;
				CLANG_ENABLE_OBJC_WEAK = YES;
				CLANG_WARN_BLOCK_CAPTURE_AUTORELEASING = YES;
				CLANG_WARN_BOOL_CONVERSION = YES;
				CLANG_WARN_COMMA = YES;
				CLANG_WARN_CONSTANT_CONVERSION = YES;
				CLANG_WARN_DEPRECATED_OBJC_IMPLEMENTATIONS = YES;
				CLANG_WARN_DIRECT_OBJC_ISA_USAGE = YES_ERROR;
				CLANG_WARN_DOCUMENTATION_COMMENTS = YES;
				CLANG_WARN_EMPTY_BODY = YES;
				CLANG_WARN_ENUM_CONVERSION = YES;
				CLANG_WARN_INFINITE_RECURSION = YES;
				CLANG_WARN_INT_CONVERSION = YES;
				CLANG_WARN_NON_LITERAL_NULL_CONVERSION = YES;
				CLANG_WARN_OBJC_IMPLICIT_RETAIN_SELF = YES;
				CLANG_WARN_OBJC_LITERAL_CONVERSION = YES;
				CLANG_WARN_OBJC_ROOT_CLASS = YES_ERROR;
				CLANG_WARN_QUOTED_INCLUDE_IN_FRAMEWORK_HEADER = YES;
				CLANG_WARN_RANGE_LOOP_ANALYSIS = YES;
				CLANG_WARN_STRICT_PROTOTYPES = YES;
				CLANG_WARN_SUSPICIOUS_MOVE = YES;
				CLANG_WARN_UNGUARDED_AVAILABILITY = YES_AGGRESSIVE;
				CLANG_WARN_UNREACHABLE_CODE = YES;
				CLANG_WARN__DUPLICATE_METHOD_MATCH = YES;
				COPY_PHASE_STRIP = NO;
				DEBUG_INFORMATION_FORMAT = dwarf;
				ENABLE_STRICT_OBJC_MSGSEND = YES;
				ENABLE_TESTABILITY = YES;
				GCC_C_LANGUAGE_STANDARD = gnu11;
				GCC_DYNAMIC_NO_PIC = NO;
				GCC_NO_COMMON_BLOCKS = YES;
				GCC_OPTIMIZATION_LEVEL = 0;
				GCC_PREPROCESSOR_DEFINITIONS = (
					"DEBUG=1",
					"$(inherited)",
				);
				GCC_WARN_64_TO_32_BIT_CONVERSION = YES;
				GCC_WARN_ABOUT_RETURN_TYPE = YES_ERROR;
				GCC_WARN_UNDECLARED_SELECTOR = YES;
				GCC_WARN_UNINITIALIZED_AUTOS = YES_AGGRESSIVE;
				GCC_WARN_UNUSED_FUNCTION = YES;
				GCC_WARN_UNUSED_VARIABLE = YES;
				MTL_ENABLE_DEBUG_INFO = INCLUDE_SOURCE;
				MTL_FAST_MATH = YES;
				ONLY_ACTIVE_ARCH = YES;
				SWIFT_ACTIVE_COMPILATION_CONDITIONS = DEBUG;
				SWIFT_OPTIMIZATION_LEVEL = "-Onone";
			};
			name = Debug;
		};
		CC25343926FF14B70022FAB8 /* Release */ = {
			isa = XCBuildConfiguration;
			buildSettings = {
				ALWAYS_SEARCH_USER_PATHS = NO;
				CLANG_ANALYZER_NONNULL = YES;
				CLANG_ANALYZER_NUMBER_OBJECT_CONVERSION = YES_AGGRESSIVE;
				CLANG_CXX_LANGUAGE_STANDARD = "gnu++14";
				CLANG_CXX_LIBRARY = "libc++";
				CLANG_ENABLE_MODULES = YES;
				CLANG_ENABLE_OBJC_ARC = YES;
				CLANG_ENABLE_OBJC_WEAK = YES;
				CLANG_WARN_BLOCK_CAPTURE_AUTORELEASING = YES;
				CLANG_WARN_BOOL_CONVERSION = YES;
				CLANG_WARN_COMMA = YES;
				CLANG_WARN_CONSTANT_CONVERSION = YES;
				CLANG_WARN_DEPRECATED_OBJC_IMPLEMENTATIONS = YES;
				CLANG_WARN_DIRECT_OBJC_ISA_USAGE = YES_ERROR;
				CLANG_WARN_DOCUMENTATION_COMMENTS = YES;
				CLANG_WARN_EMPTY_BODY = YES;
				CLANG_WARN_ENUM_CONVERSION = YES;
				CLANG_WARN_INFINITE_RECURSION = YES;
				CLANG_WARN_INT_CONVERSION = YES;
				CLANG_WARN_NON_LITERAL_NULL_CONVERSION = YES;
				CLANG_WARN_OBJC_IMPLICIT_RETAIN_SELF = YES;
				CLANG_WARN_OBJC_LITERAL_CONVERSION = YES;
				CLANG_WARN_OBJC_ROOT_CLASS = YES_ERROR;
				CLANG_WARN_QUOTED_INCLUDE_IN_FRAMEWORK_HEADER = YES;
				CLANG_WARN_RANGE_LOOP_ANALYSIS = YES;
				CLANG_WARN_STRICT_PROTOTYPES = YES;
				CLANG_WARN_SUSPICIOUS_MOVE = YES;
				CLANG_WARN_UNGUARDED_AVAILABILITY = YES_AGGRESSIVE;
				CLANG_WARN_UNREACHABLE_CODE = YES;
				CLANG_WARN__DUPLICATE_METHOD_MATCH = YES;
				COPY_PHASE_STRIP = NO;
				DEBUG_INFORMATION_FORMAT = "dwarf-with-dsym";
				ENABLE_NS_ASSERTIONS = NO;
				ENABLE_STRICT_OBJC_MSGSEND = YES;
				GCC_C_LANGUAGE_STANDARD = gnu11;
				GCC_NO_COMMON_BLOCKS = YES;
				GCC_WARN_64_TO_32_BIT_CONVERSION = YES;
				GCC_WARN_ABOUT_RETURN_TYPE = YES_ERROR;
				GCC_WARN_UNDECLARED_SELECTOR = YES;
				GCC_WARN_UNINITIALIZED_AUTOS = YES_AGGRESSIVE;
				GCC_WARN_UNUSED_FUNCTION = YES;
				GCC_WARN_UNUSED_VARIABLE = YES;
				MTL_ENABLE_DEBUG_INFO = NO;
				MTL_FAST_MATH = YES;
				SWIFT_COMPILATION_MODE = wholemodule;
				SWIFT_OPTIMIZATION_LEVEL = "-O";
			};
			name = Release;
		};
		CC25343B26FF14B70022FAB8 /* Debug */ = {
			isa = XCBuildConfiguration;
			buildSettings = {
				ASSETCATALOG_COMPILER_APPICON_NAME = AppIcon;
				ASSETCATALOG_COMPILER_GLOBAL_ACCENT_COLOR_NAME = AccentColor;
				CODE_SIGN_STYLE = Automatic;
				ENABLE_PREVIEWS = YES;
				INFOPLIST_FILE = iOS/Info.plist;
				IPHONEOS_DEPLOYMENT_TARGET = 14.0;
				LD_RUNPATH_SEARCH_PATHS = (
					"$(inherited)",
					"@executable_path/Frameworks",
				);
				PRODUCT_BUNDLE_IDENTIFIER = "com.keepcoding.Swift-Combine-MVVM";
				PRODUCT_NAME = "Swift-Combine-MVVM";
				SDKROOT = iphoneos;
				SWIFT_VERSION = 5.0;
				TARGETED_DEVICE_FAMILY = "1,2";
			};
			name = Debug;
		};
		CC25343C26FF14B70022FAB8 /* Release */ = {
			isa = XCBuildConfiguration;
			buildSettings = {
				ASSETCATALOG_COMPILER_APPICON_NAME = AppIcon;
				ASSETCATALOG_COMPILER_GLOBAL_ACCENT_COLOR_NAME = AccentColor;
				CODE_SIGN_STYLE = Automatic;
				ENABLE_PREVIEWS = YES;
				INFOPLIST_FILE = iOS/Info.plist;
				IPHONEOS_DEPLOYMENT_TARGET = 14.0;
				LD_RUNPATH_SEARCH_PATHS = (
					"$(inherited)",
					"@executable_path/Frameworks",
				);
				PRODUCT_BUNDLE_IDENTIFIER = "com.keepcoding.Swift-Combine-MVVM";
				PRODUCT_NAME = "Swift-Combine-MVVM";
				SDKROOT = iphoneos;
				SWIFT_VERSION = 5.0;
				TARGETED_DEVICE_FAMILY = "1,2";
				VALIDATE_PRODUCT = YES;
			};
			name = Release;
		};
		CC25343E26FF14B70022FAB8 /* Debug */ = {
			isa = XCBuildConfiguration;
			buildSettings = {
				ASSETCATALOG_COMPILER_APPICON_NAME = AppIcon;
				ASSETCATALOG_COMPILER_GLOBAL_ACCENT_COLOR_NAME = AccentColor;
				CODE_SIGN_ENTITLEMENTS = macOS/macOS.entitlements;
				CODE_SIGN_STYLE = Automatic;
				COMBINE_HIDPI_IMAGES = YES;
				ENABLE_PREVIEWS = YES;
				INFOPLIST_FILE = macOS/Info.plist;
				LD_RUNPATH_SEARCH_PATHS = (
					"$(inherited)",
					"@executable_path/../Frameworks",
				);
				MACOSX_DEPLOYMENT_TARGET = 11.0;
				PRODUCT_BUNDLE_IDENTIFIER = "com.keepcoding.Swift-Combine-MVVM";
				PRODUCT_NAME = "Swift-Combine-MVVM";
				SDKROOT = macosx;
				SWIFT_VERSION = 5.0;
			};
			name = Debug;
		};
		CC25343F26FF14B70022FAB8 /* Release */ = {
			isa = XCBuildConfiguration;
			buildSettings = {
				ASSETCATALOG_COMPILER_APPICON_NAME = AppIcon;
				ASSETCATALOG_COMPILER_GLOBAL_ACCENT_COLOR_NAME = AccentColor;
				CODE_SIGN_ENTITLEMENTS = macOS/macOS.entitlements;
				CODE_SIGN_STYLE = Automatic;
				COMBINE_HIDPI_IMAGES = YES;
				ENABLE_PREVIEWS = YES;
				INFOPLIST_FILE = macOS/Info.plist;
				LD_RUNPATH_SEARCH_PATHS = (
					"$(inherited)",
					"@executable_path/../Frameworks",
				);
				MACOSX_DEPLOYMENT_TARGET = 11.0;
				PRODUCT_BUNDLE_IDENTIFIER = "com.keepcoding.Swift-Combine-MVVM";
				PRODUCT_NAME = "Swift-Combine-MVVM";
				SDKROOT = macosx;
				SWIFT_VERSION = 5.0;
			};
			name = Release;
		};
/* End XCBuildConfiguration section */

/* Begin XCConfigurationList section */
		CC25341D26FF14B60022FAB8 /* Build configuration list for PBXProject "Swift-Combine-MVVM" */ = {
			isa = XCConfigurationList;
			buildConfigurations = (
				CC25343826FF14B70022FAB8 /* Debug */,
				CC25343926FF14B70022FAB8 /* Release */,
			);
			defaultConfigurationIsVisible = 0;
			defaultConfigurationName = Release;
		};
		CC25343A26FF14B70022FAB8 /* Build configuration list for PBXNativeTarget "Swift-Combine-MVVM (iOS)" */ = {
			isa = XCConfigurationList;
			buildConfigurations = (
				CC25343B26FF14B70022FAB8 /* Debug */,
				CC25343C26FF14B70022FAB8 /* Release */,
			);
			defaultConfigurationIsVisible = 0;
			defaultConfigurationName = Release;
		};
		CC25343D26FF14B70022FAB8 /* Build configuration list for PBXNativeTarget "Swift-Combine-MVVM (macOS)" */ = {
			isa = XCConfigurationList;
			buildConfigurations = (
				CC25343E26FF14B70022FAB8 /* Debug */,
				CC25343F26FF14B70022FAB8 /* Release */,
			);
			defaultConfigurationIsVisible = 0;
			defaultConfigurationName = Release;
		};
/* End XCConfigurationList section */

/* Begin XCRemoteSwiftPackageReference section */
		CC25344B26FF18370022FAB8 /* XCRemoteSwiftPackageReference "keychain-swift" */ = {
			isa = XCRemoteSwiftPackageReference;
			repositoryURL = "https://github.com/evgenyneu/keychain-swift.git";
			requirement = {
				kind = upToNextMajorVersion;
				minimumVersion = 19.0.0;
			};
		};
/* End XCRemoteSwiftPackageReference section */

/* Begin XCSwiftPackageProductDependency section */
		CC25344C26FF18370022FAB8 /* KeychainSwift */ = {
			isa = XCSwiftPackageProductDependency;
			package = CC25344B26FF18370022FAB8 /* XCRemoteSwiftPackageReference "keychain-swift" */;
			productName = KeychainSwift;
		};
/* End XCSwiftPackageProductDependency section */
	};
	rootObject = CC25341A26FF14B60022FAB8 /* Project object */;
}
